
Microsoft Visual Studio Solution File, Format Version 12.00
# Visual Studio 15
VisualStudioVersion = 15.0.28307.1000
MinimumVisualStudioVersion = 10.0.40219.1
Project("{FAE04EC0-301F-11D3-BF4B-00C04F79EFBC}") = "MacroLanse", "MacroLanse\MacroLanse.csproj", "{C483A034-0EEE-4A6A-86A0-647024950230}"
EndProject
Global
	GlobalSection(SolutionConfigurationPlatforms) = preSolution
		Debug|Any CPU = Debug|Any CPU
		Release|Any CPU = Release|Any CPU
	EndGlobalSection
	GlobalSection(ProjectConfigurationPlatforms) = postSolution
		{C483A034-0EEE-4A6A-86A0-647024950230}.Debug|Any CPU.ActiveCfg = Debug|Any CPU
		{C483A034-0EEE-4A6A-86A0-647024950230}.Debug|Any CPU.Build.0 = Debug|Any CPU
		{C483A034-0EEE-4A6A-86A0-647024950230}.Release|Any CPU.ActiveCfg = Release|Any CPU
		{C483A034-0EEE-4A6A-86A0-647024950230}.Release|Any CPU.Build.0 = Release|Any CPU
	EndGlobalSection
	GlobalSection(SolutionProperties) = preSolution
		HideSolutionNode = FALSE
	EndGlobalSection
	GlobalSection(ExtensibilityGlobals) = postSolution
		SolutionGuid = {589B30B8-479A-46B5-861D-EE470192B373}
	EndGlobalSection
EndGlobal
